
Microsoft Visual Studio Solution File, Format Version 12.00
# Visual Studio 15
VisualStudioVersion = 15.0.27703.2026
MinimumVisualStudioVersion = 10.0.40219.1
Project("{FAE04EC0-301F-11D3-BF4B-00C04F79EFBC}") = "Tournament", "Tournament\Tournament.csproj", "{95541094-391E-44F9-A9DC-D1BB9FC1975A}"
EndProject
Global
	GlobalSection(SolutionConfigurationPlatforms) = preSolution
		Debug|Any CPU = Debug|Any CPU
		Release|Any CPU = Release|Any CPU
	EndGlobalSection
	GlobalSection(ProjectConfigurationPlatforms) = postSolution
		{95541094-391E-44F9-A9DC-D1BB9FC1975A}.Debug|Any CPU.ActiveCfg = Debug|Any CPU
		{95541094-391E-44F9-A9DC-D1BB9FC1975A}.Debug|Any CPU.Build.0 = Debug|Any CPU
		{95541094-391E-44F9-A9DC-D1BB9FC1975A}.Release|Any CPU.ActiveCfg = Release|Any CPU
		{95541094-391E-44F9-A9DC-D1BB9FC1975A}.Release|Any CPU.Build.0 = Release|Any CPU
	EndGlobalSection
	GlobalSection(SolutionProperties) = preSolution
		HideSolutionNode = FALSE
	EndGlobalSection
	GlobalSection(ExtensibilityGlobals) = postSolution
		SolutionGuid = {65DFA213-DDD2-4BA7-A31A-AFC4E8CA9044}
	EndGlobalSection
EndGlobal
